
Microsoft Visual Studio Solution File, Format Version 12.00
# Visual Studio 14
VisualStudioVersion = 14.0.25420.1
MinimumVisualStudioVersion = 10.0.40219.1
Project("{FAE04EC0-301F-11D3-BF4B-00C04F79EFBC}") = "01StopWatch", "01StopWatch\01StopWatch.csproj", "{6C0E6A64-BA48-48D5-94AC-7FD89A54DBE7}"
EndProject
Project("{FAE04EC0-301F-11D3-BF4B-00C04F79EFBC}") = "02StackOverFlowPost", "02StackOverFlowPost\02StackOverFlowPost.csproj", "{2D2B404F-3531-4A5C-8FED-1A8DE66DEE60}"
EndProject
Project("{FAE04EC0-301F-11D3-BF4B-00C04F79EFBC}") = "03Inheritance", "03Inheritance\03Inheritance.csproj", "{FEB03E9E-4883-43D3-B74C-E19A4BEBE33B}"
EndProject
Project("{FAE04EC0-301F-11D3-BF4B-00C04F79EFBC}") = "04Composition", "04Composition\04Composition.csproj", "{F481DBE8-D4DF-4FD3-98B0-DEDD84D59283}"
EndProject
Project("{FAE04EC0-301F-11D3-BF4B-00C04F79EFBC}") = "05ConstructorInheritance", "05ConstructorInheritance\05ConstructorInheritance.csproj", "{A4054218-7AE9-458B-BDFD-E79231AB01C9}"
EndProject
Project("{FAE04EC0-301F-11D3-BF4B-00C04F79EFBC}") = "06StackExercise", "06StackExercise\06StackExercise.csproj", "{6377B8E9-A756-47D6-9D3A-0EA5C757EC3E}"
EndProject
Global
	GlobalSection(SolutionConfigurationPlatforms) = preSolution
		Debug|Any CPU = Debug|Any CPU
		Release|Any CPU = Release|Any CPU
	EndGlobalSection
	GlobalSection(ProjectConfigurationPlatforms) = postSolution
		{6C0E6A64-BA48-48D5-94AC-7FD89A54DBE7}.Debug|Any CPU.ActiveCfg = Debug|Any CPU
		{6C0E6A64-BA48-48D5-94AC-7FD89A54DBE7}.Debug|Any CPU.Build.0 = Debug|Any CPU
		{6C0E6A64-BA48-48D5-94AC-7FD89A54DBE7}.Release|Any CPU.ActiveCfg = Release|Any CPU
		{6C0E6A64-BA48-48D5-94AC-7FD89A54DBE7}.Release|Any CPU.Build.0 = Release|Any CPU
		{2D2B404F-3531-4A5C-8FED-1A8DE66DEE60}.Debug|Any CPU.ActiveCfg = Debug|Any CPU
		{2D2B404F-3531-4A5C-8FED-1A8DE66DEE60}.Debug|Any CPU.Build.0 = Debug|Any CPU
		{2D2B404F-3531-4A5C-8FED-1A8DE66DEE60}.Release|Any CPU.ActiveCfg = Release|Any CPU
		{2D2B404F-3531-4A5C-8FED-1A8DE66DEE60}.Release|Any CPU.Build.0 = Release|Any CPU
		{FEB03E9E-4883-43D3-B74C-E19A4BEBE33B}.Debug|Any CPU.ActiveCfg = Debug|Any CPU
		{FEB03E9E-4883-43D3-B74C-E19A4BEBE33B}.Debug|Any CPU.Build.0 = Debug|Any CPU
		{FEB03E9E-4883-43D3-B74C-E19A4BEBE33B}.Release|Any CPU.ActiveCfg = Release|Any CPU
		{FEB03E9E-4883-43D3-B74C-E19A4BEBE33B}.Release|Any CPU.Build.0 = Release|Any CPU
		{F481DBE8-D4DF-4FD3-98B0-DEDD84D59283}.Debug|Any CPU.ActiveCfg = Debug|Any CPU
		{F481DBE8-D4DF-4FD3-98B0-DEDD84D59283}.Debug|Any CPU.Build.0 = Debug|Any CPU
		{F481DBE8-D4DF-4FD3-98B0-DEDD84D59283}.Release|Any CPU.ActiveCfg = Release|Any CPU
		{F481DBE8-D4DF-4FD3-98B0-DEDD84D59283}.Release|Any CPU.Build.0 = Release|Any CPU
		{A4054218-7AE9-458B-BDFD-E79231AB01C9}.Debug|Any CPU.ActiveCfg = Debug|Any CPU
		{A4054218-7AE9-458B-BDFD-E79231AB01C9}.Debug|Any CPU.Build.0 = Debug|Any CPU
		{A4054218-7AE9-458B-BDFD-E79231AB01C9}.Release|Any CPU.ActiveCfg = Release|Any CPU
		{A4054218-7AE9-458B-BDFD-E79231AB01C9}.Release|Any CPU.Build.0 = Release|Any CPU
		{6377B8E9-A756-47D6-9D3A-0EA5C757EC3E}.Debug|Any CPU.ActiveCfg = Debug|Any CPU
		{6377B8E9-A756-47D6-9D3A-0EA5C757EC3E}.Debug|Any CPU.Build.0 = Debug|Any CPU
		{6377B8E9-A756-47D6-9D3A-0EA5C757EC3E}.Release|Any CPU.ActiveCfg = Release|Any CPU
		{6377B8E9-A756-47D6-9D3A-0EA5C757EC3E}.Release|Any CPU.Build.0 = Release|Any CPU
	EndGlobalSection
	GlobalSection(SolutionProperties) = preSolution
		HideSolutionNode = FALSE
	EndGlobalSection
EndGlobal
